// !$*UTF8*$!
{
	archiveVersion = 1;
	classes = {
	};
	objectVersion = 46;
	objects = {

/* Begin PBXBuildFile section */
		9C3C0C531B2760B500ABABF5 /* main.m in Sources */ = {isa = PBXBuildFile; fileRef = 9C3C0C521B2760B500ABABF5 /* main.m */; };
		9C3C0C561B2760B500ABABF5 /* AppDelegate.m in Sources */ = {isa = PBXBuildFile; fileRef = 9C3C0C551B2760B500ABABF5 /* AppDelegate.m */; };
		9C3C0C591B2760B500ABABF5 /* MasterViewController.m in Sources */ = {isa = PBXBuildFile; fileRef = 9C3C0C581B2760B500ABABF5 /* MasterViewController.m */; };
		9C3C0C5C1B2760B500ABABF5 /* DetailViewController.m in Sources */ = {isa = PBXBuildFile; fileRef = 9C3C0C5B1B2760B500ABABF5 /* DetailViewController.m */; };
		9C3C0C5F1B2760B500ABABF5 /* Main.storyboard in Resources */ = {isa = PBXBuildFile; fileRef = 9C3C0C5D1B2760B500ABABF5 /* Main.storyboard */; };
		9C3C0C611B2760B500ABABF5 /* Images.xcassets in Resources */ = {isa = PBXBuildFile; fileRef = 9C3C0C601B2760B500ABABF5 /* Images.xcassets */; };
		9C3C0C641B2760B500ABABF5 /* LaunchScreen.xib in Resources */ = {isa = PBXBuildFile; fileRef = 9C3C0C621B2760B500ABABF5 /* LaunchScreen.xib */; };
		9C3C0C701B2760B500ABABF5 /* YahooNewsSampleTests.m in Sources */ = {isa = PBXBuildFile; fileRef = 9C3C0C6F1B2760B500ABABF5 /* YahooNewsSampleTests.m */; };
		9C3C0C7B1B27619900ABABF5 /* CustomTableViewCell.m in Sources */ = {isa = PBXBuildFile; fileRef = 9C3C0C7A1B27619900ABABF5 /* CustomTableViewCell.m */; };
		9C3C0C7E1B2763FD00ABABF5 /* News.m in Sources */ = {isa = PBXBuildFile; fileRef = 9C3C0C7D1B2763FD00ABABF5 /* News.m */; };
/* End PBXBuildFile section */

/* Begin PBXContainerItemProxy section */
		9C3C0C6A1B2760B500ABABF5 /* PBXContainerItemProxy */ = {
			isa = PBXContainerItemProxy;
			containerPortal = 9C3C0C451B2760B500ABABF5 /* Project object */;
			proxyType = 1;
			remoteGlobalIDString = 9C3C0C4C1B2760B500ABABF5;
			remoteInfo = YahooNewsSample;
		};
/* End PBXContainerItemProxy section */

/* Begin PBXFileReference section */
		9C3C0C4D1B2760B500ABABF5 /* YahooNewsSample.app */ = {isa = PBXFileReference; explicitFileType = wrapper.application; includeInIndex = 0; path = YahooNewsSample.app; sourceTree = BUILT_PRODUCTS_DIR; };
		9C3C0C511B2760B500ABABF5 /* Info.plist */ = {isa = PBXFileReference; lastKnownFileType = text.plist.xml; path = Info.plist; sourceTree = "<group>"; };
		9C3C0C521B2760B500ABABF5 /* main.m */ = {isa = PBXFileReference; lastKnownFileType = sourcecode.c.objc; path = main.m; sourceTree = "<group>"; };
		9C3C0C541B2760B500ABABF5 /* AppDelegate.h */ = {isa = PBXFileReference; lastKnownFileType = sourcecode.c.h; path = AppDelegate.h; sourceTree = "<group>"; };
		9C3C0C551B2760B500ABABF5 /* AppDelegate.m */ = {isa = PBXFileReference; lastKnownFileType = sourcecode.c.objc; path = AppDelegate.m; sourceTree = "<group>"; };
		9C3C0C571B2760B500ABABF5 /* MasterViewController.h */ = {isa = PBXFileReference; lastKnownFileType = sourcecode.c.h; path = MasterViewController.h; sourceTree = "<group>"; };
		9C3C0C581B2760B500ABABF5 /* MasterViewController.m */ = {isa = PBXFileReference; lastKnownFileType = sourcecode.c.objc; path = MasterViewController.m; sourceTree = "<group>"; };
		9C3C0C5A1B2760B500ABABF5 /* DetailViewController.h */ = {isa = PBXFileReference; lastKnownFileType = sourcecode.c.h; path = DetailViewController.h; sourceTree = "<group>"; };
		9C3C0C5B1B2760B500ABABF5 /* DetailViewController.m */ = {isa = PBXFileReference; lastKnownFileType = sourcecode.c.objc; path = DetailViewController.m; sourceTree = "<group>"; };
		9C3C0C5E1B2760B500ABABF5 /* Base */ = {isa = PBXFileReference; lastKnownFileType = file.storyboard; name = Base; path = Base.lproj/Main.storyboard; sourceTree = "<group>"; };
		9C3C0C601B2760B500ABABF5 /* Images.xcassets */ = {isa = PBXFileReference; lastKnownFileType = folder.assetcatalog; path = Images.xcassets; sourceTree = "<group>"; };
		9C3C0C631B2760B500ABABF5 /* Base */ = {isa = PBXFileReference; lastKnownFileType = file.xib; name = Base; path = Base.lproj/LaunchScreen.xib; sourceTree = "<group>"; };
		9C3C0C691B2760B500ABABF5 /* YahooNewsSampleTests.xctest */ = {isa = PBXFileReference; explicitFileType = wrapper.cfbundle; includeInIndex = 0; path = YahooNewsSampleTests.xctest; sourceTree = BUILT_PRODUCTS_DIR; };
		9C3C0C6E1B2760B500ABABF5 /* Info.plist */ = {isa = PBXFileReference; lastKnownFileType = text.plist.xml; path = Info.plist; sourceTree = "<group>"; };
		9C3C0C6F1B2760B500ABABF5 /* YahooNewsSampleTests.m */ = {isa = PBXFileReference; lastKnownFileType = sourcecode.c.objc; path = YahooNewsSampleTests.m; sourceTree = "<group>"; };
		9C3C0C791B27619900ABABF5 /* CustomTableViewCell.h */ = {isa = PBXFileReference; fileEncoding = 4; lastKnownFileType = sourcecode.c.h; path = CustomTableViewCell.h; sourceTree = "<group>"; };
		9C3C0C7A1B27619900ABABF5 /* CustomTableViewCell.m */ = {isa = PBXFileReference; fileEncoding = 4; lastKnownFileType = sourcecode.c.objc; path = CustomTableViewCell.m; sourceTree = "<group>"; };
		9C3C0C7C1B2763FD00ABABF5 /* News.h */ = {isa = PBXFileReference; fileEncoding = 4; lastKnownFileType = sourcecode.c.h; path = News.h; sourceTree = "<group>"; };
		9C3C0C7D1B2763FD00ABABF5 /* News.m */ = {isa = PBXFileReference; fileEncoding = 4; lastKnownFileType = sourcecode.c.objc; path = News.m; sourceTree = "<group>"; };
/* End PBXFileReference section */

/* Begin PBXFrameworksBuildPhase section */
		9C3C0C4A1B2760B500ABABF5 /* Frameworks */ = {
			isa = PBXFrameworksBuildPhase;
			buildActionMask = 2147483647;
			files = (
			);
			runOnlyForDeploymentPostprocessing = 0;
		};
		9C3C0C661B2760B500ABABF5 /* Frameworks */ = {
			isa = PBXFrameworksBuildPhase;
			buildActionMask = 2147483647;
			files = (
			);
			runOnlyForDeploymentPostprocessing = 0;
		};
/* End PBXFrameworksBuildPhase section */

/* Begin PBXGroup section */
		9C3C0C441B2760B500ABABF5 = {
			isa = PBXGroup;
			children = (
				9C3C0C4F1B2760B500ABABF5 /* YahooNewsSample */,
				9C3C0C6C1B2760B500ABABF5 /* YahooNewsSampleTests */,
				9C3C0C4E1B2760B500ABABF5 /* Products */,
			);
			sourceTree = "<group>";
		};
		9C3C0C4E1B2760B500ABABF5 /* Products */ = {
			isa = PBXGroup;
			children = (
				9C3C0C4D1B2760B500ABABF5 /* YahooNewsSample.app */,
				9C3C0C691B2760B500ABABF5 /* YahooNewsSampleTests.xctest */,
			);
			name = Products;
			sourceTree = "<group>";
		};
		9C3C0C4F1B2760B500ABABF5 /* YahooNewsSample */ = {
			isa = PBXGroup;
			children = (
				9C3C0C541B2760B500ABABF5 /* AppDelegate.h */,
				9C3C0C551B2760B500ABABF5 /* AppDelegate.m */,
				9C3C0C571B2760B500ABABF5 /* MasterViewController.h */,
				9C3C0C581B2760B500ABABF5 /* MasterViewController.m */,
				9C3C0C5A1B2760B500ABABF5 /* DetailViewController.h */,
				9C3C0C5B1B2760B500ABABF5 /* DetailViewController.m */,
				9C3C0C791B27619900ABABF5 /* CustomTableViewCell.h */,
				9C3C0C7A1B27619900ABABF5 /* CustomTableViewCell.m */,
				9C3C0C7C1B2763FD00ABABF5 /* News.h */,
				9C3C0C7D1B2763FD00ABABF5 /* News.m */,
				9C3C0C5D1B2760B500ABABF5 /* Main.storyboard */,
				9C3C0C601B2760B500ABABF5 /* Images.xcassets */,
				9C3C0C621B2760B500ABABF5 /* LaunchScreen.xib */,
				9C3C0C501B2760B500ABABF5 /* Supporting Files */,
			);
			path = YahooNewsSample;
			sourceTree = "<group>";
		};
		9C3C0C501B2760B500ABABF5 /* Supporting Files */ = {
			isa = PBXGroup;
			children = (
				9C3C0C511B2760B500ABABF5 /* Info.plist */,
				9C3C0C521B2760B500ABABF5 /* main.m */,
			);
			name = "Supporting Files";
			sourceTree = "<group>";
		};
		9C3C0C6C1B2760B500ABABF5 /* YahooNewsSampleTests */ = {
			isa = PBXGroup;
			children = (
				9C3C0C6F1B2760B500ABABF5 /* YahooNewsSampleTests.m */,
				9C3C0C6D1B2760B500ABABF5 /* Supporting Files */,
			);
			path = YahooNewsSampleTests;
			sourceTree = "<group>";
		};
		9C3C0C6D1B2760B500ABABF5 /* Supporting Files */ = {
			isa = PBXGroup;
			children = (
				9C3C0C6E1B2760B500ABABF5 /* Info.plist */,
			);
			name = "Supporting Files";
			sourceTree = "<group>";
		};
/* End PBXGroup section */

/* Begin PBXNativeTarget section */
		9C3C0C4C1B2760B500ABABF5 /* YahooNewsSample */ = {
			isa = PBXNativeTarget;
			buildConfigurationList = 9C3C0C731B2760B500ABABF5 /* Build configuration list for PBXNativeTarget "YahooNewsSample" */;
			buildPhases = (
				9C3C0C491B2760B500ABABF5 /* Sources */,
				9C3C0C4A1B2760B500ABABF5 /* Frameworks */,
				9C3C0C4B1B2760B500ABABF5 /* Resources */,
			);
			buildRules = (
			);
			dependencies = (
			);
			name = YahooNewsSample;
			productName = YahooNewsSample;
			productReference = 9C3C0C4D1B2760B500ABABF5 /* YahooNewsSample.app */;
			productType = "com.apple.product-type.application";
		};
		9C3C0C681B2760B500ABABF5 /* YahooNewsSampleTests */ = {
			isa = PBXNativeTarget;
			buildConfigurationList = 9C3C0C761B2760B500ABABF5 /* Build configuration list for PBXNativeTarget "YahooNewsSampleTests" */;
			buildPhases = (
				9C3C0C651B2760B500ABABF5 /* Sources */,
				9C3C0C661B2760B500ABABF5 /* Frameworks */,
				9C3C0C671B2760B500ABABF5 /* Resources */,
			);
			buildRules = (
			);
			dependencies = (
				9C3C0C6B1B2760B500ABABF5 /* PBXTargetDependency */,
			);
			name = YahooNewsSampleTests;
			productName = YahooNewsSampleTests;
			productReference = 9C3C0C691B2760B500ABABF5 /* YahooNewsSampleTests.xctest */;
			productType = "com.apple.product-type.bundle.unit-test";
		};
/* End PBXNativeTarget section */

/* Begin PBXProject section */
		9C3C0C451B2760B500ABABF5 /* Project object */ = {
			isa = PBXProject;
			attributes = {
				LastUpgradeCheck = 0620;
				ORGANIZATIONNAME = JWANG;
				TargetAttributes = {
					9C3C0C4C1B2760B500ABABF5 = {
						CreatedOnToolsVersion = 6.2;
					};
					9C3C0C681B2760B500ABABF5 = {
						CreatedOnToolsVersion = 6.2;
						TestTargetID = 9C3C0C4C1B2760B500ABABF5;
					};
				};
			};
			buildConfigurationList = 9C3C0C481B2760B500ABABF5 /* Build configuration list for PBXProject "YahooNewsSample" */;
			compatibilityVersion = "Xcode 3.2";
			developmentRegion = English;
			hasScannedForEncodings = 0;
			knownRegions = (
				en,
				Base,
			);
			mainGroup = 9C3C0C441B2760B500ABABF5;
			productRefGroup = 9C3C0C4E1B2760B500ABABF5 /* Products */;
			projectDirPath = "";
			projectRoot = "";
			targets = (
				9C3C0C4C1B2760B500ABABF5 /* YahooNewsSample */,
				9C3C0C681B2760B500ABABF5 /* YahooNewsSampleTests */,
			);
		};
/* End PBXProject section */

/* Begin PBXResourcesBuildPhase section */
		9C3C0C4B1B2760B500ABABF5 /* Resources */ = {
			isa = PBXResourcesBuildPhase;
			buildActionMask = 2147483647;
			files = (
				9C3C0C5F1B2760B500ABABF5 /* Main.storyboard in Resources */,
				9C3C0C641B2760B500ABABF5 /* LaunchScreen.xib in Resources */,
				9C3C0C611B2760B500ABABF5 /* Images.xcassets in Resources */,
			);
			runOnlyForDeploymentPostprocessing = 0;
		};
		9C3C0C671B2760B500ABABF5 /* Resources */ = {
			isa = PBXResourcesBuildPhase;
			buildActionMask = 2147483647;
			files = (
			);
			runOnlyForDeploymentPostprocessing = 0;
		};
/* End PBXResourcesBuildPhase section */

/* Begin PBXSourcesBuildPhase section */
		9C3C0C491B2760B500ABABF5 /* Sources */ = {
			isa = PBXSourcesBuildPhase;
			buildActionMask = 2147483647;
			files = (
				9C3C0C561B2760B500ABABF5 /* AppDelegate.m in Sources */,
				9C3C0C591B2760B500ABABF5 /* MasterViewController.m in Sources */,
				9C3C0C7E1B2763FD00ABABF5 /* News.m in Sources */,
				9C3C0C531B2760B500ABABF5 /* main.m in Sources */,
				9C3C0C7B1B27619900ABABF5 /* CustomTableViewCell.m in Sources */,
				9C3C0C5C1B2760B500ABABF5 /* DetailViewController.m in Sources */,
			);
			runOnlyForDeploymentPostprocessing = 0;
		};
		9C3C0C651B2760B500ABABF5 /* Sources */ = {
			isa = PBXSourcesBuildPhase;
			buildActionMask = 2147483647;
			files = (
				9C3C0C701B2760B500ABABF5 /* YahooNewsSampleTests.m in Sources */,
			);
			runOnlyForDeploymentPostprocessing = 0;
		};
/* End PBXSourcesBuildPhase section */

/* Begin PBXTargetDependency section */
		9C3C0C6B1B2760B500ABABF5 /* PBXTargetDependency */ = {
			isa = PBXTargetDependency;
			target = 9C3C0C4C1B2760B500ABABF5 /* YahooNewsSample */;
			targetProxy = 9C3C0C6A1B2760B500ABABF5 /* PBXContainerItemProxy */;
		};
/* End PBXTargetDependency section */

/* Begin PBXVariantGroup section */
		9C3C0C5D1B2760B500ABABF5 /* Main.storyboard */ = {
			isa = PBXVariantGroup;
			children = (
				9C3C0C5E1B2760B500ABABF5 /* Base */,
			);
			name = Main.storyboard;
			sourceTree = "<group>";
		};
		9C3C0C621B2760B500ABABF5 /* LaunchScreen.xib */ = {
			isa = PBXVariantGroup;
			children = (
				9C3C0C631B2760B500ABABF5 /* Base */,
			);
			name = LaunchScreen.xib;
			sourceTree = "<group>";
		};
/* End PBXVariantGroup section */

/* Begin XCBuildConfiguration section */
		9C3C0C711B2760B500ABABF5 /* Debug */ = {
			isa = XCBuildConfiguration;
			buildSettings = {
				ALWAYS_SEARCH_USER_PATHS = NO;
				CLANG_CXX_LANGUAGE_STANDARD = "gnu++0x";
				CLANG_CXX_LIBRARY = "libc++";
				CLANG_ENABLE_MODULES = YES;
				CLANG_ENABLE_OBJC_ARC = YES;
				CLANG_WARN_BOOL_CONVERSION = YES;
				CLANG_WARN_CONSTANT_CONVERSION = YES;
				CLANG_WARN_DIRECT_OBJC_ISA_USAGE = YES_ERROR;
				CLANG_WARN_EMPTY_BODY = YES;
				CLANG_WARN_ENUM_CONVERSION = YES;
				CLANG_WARN_INT_CONVERSION = YES;
				CLANG_WARN_OBJC_ROOT_CLASS = YES_ERROR;
				CLANG_WARN_UNREACHABLE_CODE = YES;
				CLANG_WARN__DUPLICATE_METHOD_MATCH = YES;
				"CODE_SIGN_IDENTITY[sdk=iphoneos*]" = "iPhone Developer";
				COPY_PHASE_STRIP = NO;
				ENABLE_STRICT_OBJC_MSGSEND = YES;
				GCC_C_LANGUAGE_STANDARD = gnu99;
				GCC_DYNAMIC_NO_PIC = NO;
				GCC_OPTIMIZATION_LEVEL = 0;
				GCC_PREPROCESSOR_DEFINITIONS = (
					"DEBUG=1",
					"$(inherited)",
				);
				GCC_SYMBOLS_PRIVATE_EXTERN = NO;
				GCC_WARN_64_TO_32_BIT_CONVERSION = YES;
				GCC_WARN_ABOUT_RETURN_TYPE = YES_ERROR;
				GCC_WARN_UNDECLARED_SELECTOR = YES;
				GCC_WARN_UNINITIALIZED_AUTOS = YES_AGGRESSIVE;
				GCC_WARN_UNUSED_FUNCTION = YES;
				GCC_WARN_UNUSED_VARIABLE = YES;
				IPHONEOS_DEPLOYMENT_TARGET = 8.2;
				MTL_ENABLE_DEBUG_INFO = YES;
				ONLY_ACTIVE_ARCH = YES;
				SDKROOT = iphoneos;
			};
			name = Debug;
		};
		9C3C0C721B2760B500ABABF5 /* Release */ = {
			isa = XCBuildConfiguration;
			buildSettings = {
				ALWAYS_SEARCH_USER_PATHS = NO;
				CLANG_CXX_LANGUAGE_STANDARD = "gnu++0x";
				CLANG_CXX_LIBRARY = "libc++";
				CLANG_ENABLE_MODULES = YES;
				CLANG_ENABLE_OBJC_ARC = YES;
				CLANG_WARN_BOOL_CONVERSION = YES;
				CLANG_WARN_CONSTANT_CONVERSION = YES;
				CLANG_WARN_DIRECT_OBJC_ISA_USAGE = YES_ERROR;
				CLANG_WARN_EMPTY_BODY = YES;
				CLANG_WARN_ENUM_CONVERSION = YES;
				CLANG_WARN_INT_CONVERSION = YES;
				CLANG_WARN_OBJC_ROOT_CLASS = YES_ERROR;
				CLANG_WARN_UNREACHABLE_CODE = YES;
				CLANG_WARN__DUPLICATE_METHOD_MATCH = YES;
				"CODE_SIGN_IDENTITY[sdk=iphoneos*]" = "iPhone Developer";
				COPY_PHASE_STRIP = NO;
				ENABLE_NS_ASSERTIONS = NO;
				ENABLE_STRICT_OBJC_MSGSEND = YES;
				GCC_C_LANGUAGE_STANDARD = gnu99;
				GCC_WARN_64_TO_32_BIT_CONVERSION = YES;
				GCC_WARN_ABOUT_RETURN_TYPE = YES_ERROR;
				GCC_WARN_UNDECLARED_SELECTOR = YES;
				GCC_WARN_UNINITIALIZED_AUTOS = YES_AGGRESSIVE;
				GCC_WARN_UNUSED_FUNCTION = YES;
				GCC_WARN_UNUSED_VARIABLE = YES;
				IPHONEOS_DEPLOYMENT_TARGET = 8.2;
				MTL_ENABLE_DEBUG_INFO = NO;
				SDKROOT = iphoneos;
				VALIDATE_PRODUCT = YES;
			};
			name = Release;
		};
		9C3C0C741B2760B500ABABF5 /* Debug */ = {
			isa = XCBuildConfiguration;
			buildSettings = {
				ASSETCATALOG_COMPILER_APPICON_NAME = AppIcon;
				INFOPLIST_FILE = YahooNewsSample/Info.plist;
				LD_RUNPATH_SEARCH_PATHS = "$(inherited) @executable_path/Frameworks";
				PRODUCT_NAME = "$(TARGET_NAME)";
			};
			name = Debug;
		};
		9C3C0C751B2760B500ABABF5 /* Release */ = {
			isa = XCBuildConfiguration;
			buildSettings = {
				ASSETCATALOG_COMPILER_APPICON_NAME = AppIcon;
				INFOPLIST_FILE = YahooNewsSample/Info.plist;
				LD_RUNPATH_SEARCH_PATHS = "$(inherited) @executable_path/Frameworks";
				PRODUCT_NAME = "$(TARGET_NAME)";
			};
			name = Release;
		};
		9C3C0C771B2760B500ABABF5 /* Debug */ = {
			isa = XCBuildConfiguration;
			buildSettings = {
				BUNDLE_LOADER = "$(TEST_HOST)";
				FRAMEWORK_SEARCH_PATHS = (
					"$(SDKROOT)/Developer/Library/Frameworks",
					"$(inherited)",
				);
				GCC_PREPROCESSOR_DEFINITIONS = (
					"DEBUG=1",
					"$(inherited)",
				);
				INFOPLIST_FILE = YahooNewsSampleTests/Info.plist;
				LD_RUNPATH_SEARCH_PATHS = "$(inherited) @executable_path/Frameworks @loader_path/Frameworks";
				PRODUCT_NAME = "$(TARGET_NAME)";
				TEST_HOST = "$(BUILT_PRODUCTS_DIR)/YahooNewsSample.app/YahooNewsSample";
			};
			name = Debug;
		};
		9C3C0C781B2760B500ABABF5 /* Release */ = {
			isa = XCBuildConfiguration;
			buildSettings = {
				BUNDLE_LOADER = "$(TEST_HOST)";
				FRAMEWORK_SEARCH_PATHS = (
					"$(SDKROOT)/Developer/Library/Frameworks",
					"$(inherited)",
				);
				INFOPLIST_FILE = YahooNewsSampleTests/Info.plist;
				LD_RUNPATH_SEARCH_PATHS = "$(inherited) @executable_path/Frameworks @loader_path/Frameworks";
				PRODUCT_NAME = "$(TARGET_NAME)";
				TEST_HOST = "$(BUILT_PRODUCTS_DIR)/YahooNewsSample.app/YahooNewsSample";
			};
			name = Release;
		};
/* End XCBuildConfiguration section */

/* Begin XCConfigurationList section */
		9C3C0C481B2760B500ABABF5 /* Build configuration list for PBXProject "YahooNewsSample" */ = {
			isa = XCConfigurationList;
			buildConfigurations = (
				9C3C0C711B2760B500ABABF5 /* Debug */,
				9C3C0C721B2760B500ABABF5 /* Release */,
			);
			defaultConfigurationIsVisible = 0;
			defaultConfigurationName = Release;
		};
		9C3C0C731B2760B500ABABF5 /* Build configuration list for PBXNativeTarget "YahooNewsSample" */ = {
			isa = XCConfigurationList;
			buildConfigurations = (
				9C3C0C741B2760B500ABABF5 /* Debug */,
				9C3C0C751B2760B500ABABF5 /* Release */,
			);
			defaultConfigurationIsVisible = 0;
		};
		9C3C0C761B2760B500ABABF5 /* Build configuration list for PBXNativeTarget "YahooNewsSampleTests" */ = {
			isa = XCConfigurationList;
			buildConfigurations = (
				9C3C0C771B2760B500ABABF5 /* Debug */,
				9C3C0C781B2760B500ABABF5 /* Release */,
			);
			defaultConfigurationIsVisible = 0;
		};
/* End XCConfigurationList section */
	};
	rootObject = 9C3C0C451B2760B500ABABF5 /* Project object */;
}
